
Microsoft Visual Studio Solution File, Format Version 12.00
# Visual Studio Version 17
VisualStudioVersion = 17.0.31903.59
MinimumVisualStudioVersion = 10.0.40219.1
Project("{2150E333-8FDC-42A3-9474-1A3956D46DE8}") = "src", "src", "{827E0CD3-B72D-47B6-A68D-7590B98EB39B}"
EndProject
Project("{FAE04EC0-301F-11D3-BF4B-00C04F79EFBC}") = "Hpn.SharedKernel", "src\Hpn.SharedKernel\Hpn.SharedKernel.csproj", "{47015C58-2E2B-412B-8C07-625598FAB364}"
EndProject
Project("{FAE04EC0-301F-11D3-BF4B-00C04F79EFBC}") = "Hpn.Api", "src\Hpn.Api\Hpn.Api.csproj", "{614043E7-3CFA-4884-9709-344296AB82CE}"
EndProject
Project("{FAE04EC0-301F-11D3-BF4B-00C04F79EFBC}") = "Hpn.Modules.Identity", "src\Hpn.Modules.Identity\Hpn.Modules.Identity.csproj", "{EAB60CE0-119E-465D-948E-CC7BCF2D2854}"
EndProject
Project("{FAE04EC0-301F-11D3-BF4B-00C04F79EFBC}") = "Hpn.Modules.Profile", "src\Hpn.Modules.Profile\Hpn.Modules.Profile.csproj", "{6AF48A78-CC3B-44C4-8120-EF3AC7419C7B}"
EndProject
Project("{FAE04EC0-301F-11D3-BF4B-00C04F79EFBC}") = "Hpn.Modules.Photo", "src\Hpn.Modules.Photo\Hpn.Modules.Photo.csproj", "{85CEC505-EDC5-4BC4-8B91-F0CAE7463570}"
EndProject
Project("{FAE04EC0-301F-11D3-BF4B-00C04F79EFBC}") = "Hpn.Modules.Appreciation", "src\Hpn.Modules.Appreciation\Hpn.Modules.Appreciation.csproj", "{FB4ED2B9-6D0C-4163-BF53-D4B5DA82D938}"
EndProject
Project("{FAE04EC0-301F-11D3-BF4B-00C04F79EFBC}") = "Hpn.Modules.Feed", "src\Hpn.Modules.Feed\Hpn.Modules.Feed.csproj", "{77E6433C-D406-413F-B80B-BB9DAEA8E0A0}"
EndProject
Project("{FAE04EC0-301F-11D3-BF4B-00C04F79EFBC}") = "Hpn.Modules.SocialFingerprint", "src\Hpn.Modules.SocialFingerprint\Hpn.Modules.SocialFingerprint.csproj", "{E54C867F-8DE8-4D9C-9BC0-8419773AC6AA}"
EndProject
Project("{FAE04EC0-301F-11D3-BF4B-00C04F79EFBC}") = "Hpn.Modules.Moderation", "src\Hpn.Modules.Moderation\Hpn.Modules.Moderation.csproj", "{A32BA5AD-142A-4664-94B2-2EC577BA7D8C}"
EndProject
Project("{FAE04EC0-301F-11D3-BF4B-00C04F79EFBC}") = "Hpn.Modules.Admin", "src\Hpn.Modules.Admin\Hpn.Modules.Admin.csproj", "{3A49A4A3-56FF-4898-9B9C-58812804A7CE}"
EndProject
Project("{2150E333-8FDC-42A3-9474-1A3956D46DE8}") = "tests", "tests", "{0AB3BF05-4346-4AA6-1389-037BE0695223}"
EndProject
Project("{FAE04EC0-301F-11D3-BF4B-00C04F79EFBC}") = "Hpn.SharedKernel.Tests", "tests\Hpn.SharedKernel.Tests\Hpn.SharedKernel.Tests.csproj", "{F8E6DE01-8A09-432E-8B0C-50CDEE8EB2B7}"
EndProject
Project("{FAE04EC0-301F-11D3-BF4B-00C04F79EFBC}") = "Hpn.ArchitectureTests", "tests\Hpn.ArchitectureTests\Hpn.ArchitectureTests.csproj", "{D42E0BC5-7E61-44F0-874F-64BBCCF84AB4}"
EndProject
Project("{FAE04EC0-301F-11D3-BF4B-00C04F79EFBC}") = "Hpn.IntegrationTests", "tests\Hpn.IntegrationTests\Hpn.IntegrationTests.csproj", "{8DE2CB8A-BC4B-4C24-A5DF-C18591846557}"
EndProject
Project("{FAE04EC0-301F-11D3-BF4B-00C04F79EFBC}") = "Hpn.Modules.Identity.Tests", "tests\Hpn.Modules.Identity.Tests\Hpn.Modules.Identity.Tests.csproj", "{CED67C8B-87D0-424D-A592-3CD420384D83}"
EndProject
Project("{FAE04EC0-301F-11D3-BF4B-00C04F79EFBC}") = "Hpn.Modules.Profile.Tests", "tests\Hpn.Modules.Profile.Tests\Hpn.Modules.Profile.Tests.csproj", "{11745440-EEEF-43E9-914B-2B941AB847A6}"
EndProject
Global
	GlobalSection(SolutionConfigurationPlatforms) = preSolution
		Debug|Any CPU = Debug|Any CPU
		Debug|x64 = Debug|x64
		Debug|x86 = Debug|x86
		Release|Any CPU = Release|Any CPU
		Release|x64 = Release|x64
		Release|x86 = Release|x86
	EndGlobalSection
	GlobalSection(ProjectConfigurationPlatforms) = postSolution
		{47015C58-2E2B-412B-8C07-625598FAB364}.Debug|Any CPU.ActiveCfg = Debug|Any CPU
		{47015C58-2E2B-412B-8C07-625598FAB364}.Debug|Any CPU.Build.0 = Debug|Any CPU
		{47015C58-2E2B-412B-8C07-625598FAB364}.Debug|x64.ActiveCfg = Debug|Any CPU
		{47015C58-2E2B-412B-8C07-625598FAB364}.Debug|x64.Build.0 = Debug|Any CPU
		{47015C58-2E2B-412B-8C07-625598FAB364}.Debug|x86.ActiveCfg = Debug|Any CPU
		{47015C58-2E2B-412B-8C07-625598FAB364}.Debug|x86.Build.0 = Debug|Any CPU
		{47015C58-2E2B-412B-8C07-625598FAB364}.Release|Any CPU.ActiveCfg = Release|Any CPU
		{47015C58-2E2B-412B-8C07-625598FAB364}.Release|Any CPU.Build.0 = Release|Any CPU
		{47015C58-2E2B-412B-8C07-625598FAB364}.Release|x64.ActiveCfg = Release|Any CPU
		{47015C58-2E2B-412B-8C07-625598FAB364}.Release|x64.Build.0 = Release|Any CPU
		{47015C58-2E2B-412B-8C07-625598FAB364}.Release|x86.ActiveCfg = Release|Any CPU
		{47015C58-2E2B-412B-8C07-625598FAB364}.Release|x86.Build.0 = Release|Any CPU
		{614043E7-3CFA-4884-9709-344296AB82CE}.Debug|Any CPU.ActiveCfg = Debug|Any CPU
		{614043E7-3CFA-4884-9709-344296AB82CE}.Debug|Any CPU.Build.0 = Debug|Any CPU
		{614043E7-3CFA-4884-9709-344296AB82CE}.Debug|x64.ActiveCfg = Debug|Any CPU
		{614043E7-3CFA-4884-9709-344296AB82CE}.Debug|x64.Build.0 = Debug|Any CPU
		{614043E7-3CFA-4884-9709-344296AB82CE}.Debug|x86.ActiveCfg = Debug|Any CPU
		{614043E7-3CFA-4884-9709-344296AB82CE}.Debug|x86.Build.0 = Debug|Any CPU
		{614043E7-3CFA-4884-9709-344296AB82CE}.Release|Any CPU.ActiveCfg = Release|Any CPU
		{614043E7-3CFA-4884-9709-344296AB82CE}.Release|Any CPU.Build.0 = Release|Any CPU
		{614043E7-3CFA-4884-9709-344296AB82CE}.Release|x64.ActiveCfg = Release|Any CPU
		{614043E7-3CFA-4884-9709-344296AB82CE}.Release|x64.Build.0 = Release|Any CPU
		{614043E7-3CFA-4884-9709-344296AB82CE}.Release|x86.ActiveCfg = Release|Any CPU
		{614043E7-3CFA-4884-9709-344296AB82CE}.Release|x86.Build.0 = Release|Any CPU
		{EAB60CE0-119E-465D-948E-CC7BCF2D2854}.Debug|Any CPU.ActiveCfg = Debug|Any CPU
		{EAB60CE0-119E-465D-948E-CC7BCF2D2854}.Debug|Any CPU.Build.0 = Debug|Any CPU
		{EAB60CE0-119E-465D-948E-CC7BCF2D2854}.Debug|x64.ActiveCfg = Debug|Any CPU
		{EAB60CE0-119E-465D-948E-CC7BCF2D2854}.Debug|x64.Build.0 = Debug|Any CPU
		{EAB60CE0-119E-465D-948E-CC7BCF2D2854}.Debug|x86.ActiveCfg = Debug|Any CPU
		{EAB60CE0-119E-465D-948E-CC7BCF2D2854}.Debug|x86.Build.0 = Debug|Any CPU
		{EAB60CE0-119E-465D-948E-CC7BCF2D2854}.Release|Any CPU.ActiveCfg = Release|Any CPU
		{EAB60CE0-119E-465D-948E-CC7BCF2D2854}.Release|Any CPU.Build.0 = Release|Any CPU
		{EAB60CE0-119E-465D-948E-CC7BCF2D2854}.Release|x64.ActiveCfg = Release|Any CPU
		{EAB60CE0-119E-465D-948E-CC7BCF2D2854}.Release|x64.Build.0 = Release|Any CPU
		{EAB60CE0-119E-465D-948E-CC7BCF2D2854}.Release|x86.ActiveCfg = Release|Any CPU
		{EAB60CE0-119E-465D-948E-CC7BCF2D2854}.Release|x86.Build.0 = Release|Any CPU
		{6AF48A78-CC3B-44C4-8120-EF3AC7419C7B}.Debug|Any CPU.ActiveCfg = Debug|Any CPU
		{6AF48A78-CC3B-44C4-8120-EF3AC7419C7B}.Debug|Any CPU.Build.0 = Debug|Any CPU
		{6AF48A78-CC3B-44C4-8120-EF3AC7419C7B}.Debug|x64.ActiveCfg = Debug|Any CPU
		{6AF48A78-CC3B-44C4-8120-EF3AC7419C7B}.Debug|x64.Build.0 = Debug|Any CPU
		{6AF48A78-CC3B-44C4-8120-EF3AC7419C7B}.Debug|x86.ActiveCfg = Debug|Any CPU
		{6AF48A78-CC3B-44C4-8120-EF3AC7419C7B}.Debug|x86.Build.0 = Debug|Any CPU
		{6AF48A78-CC3B-44C4-8120-EF3AC7419C7B}.Release|Any CPU.ActiveCfg = Release|Any CPU
		{6AF48A78-CC3B-44C4-8120-EF3AC7419C7B}.Release|Any CPU.Build.0 = Release|Any CPU
		{6AF48A78-CC3B-44C4-8120-EF3AC7419C7B}.Release|x64.ActiveCfg = Release|Any CPU
		{6AF48A78-CC3B-44C4-8120-EF3AC7419C7B}.Release|x64.Build.0 = Release|Any CPU
		{6AF48A78-CC3B-44C4-8120-EF3AC7419C7B}.Release|x86.ActiveCfg = Release|Any CPU
		{6AF48A78-CC3B-44C4-8120-EF3AC7419C7B}.Release|x86.Build.0 = Release|Any CPU
		{85CEC505-EDC5-4BC4-8B91-F0CAE7463570}.Debug|Any CPU.ActiveCfg = Debug|Any CPU
		{85CEC505-EDC5-4BC4-8B91-F0CAE7463570}.Debug|Any CPU.Build.0 = Debug|Any CPU
		{85CEC505-EDC5-4BC4-8B91-F0CAE7463570}.Debug|x64.ActiveCfg = Debug|Any CPU
		{85CEC505-EDC5-4BC4-8B91-F0CAE7463570}.Debug|x64.Build.0 = Debug|Any CPU
		{85CEC505-EDC5-4BC4-8B91-F0CAE7463570}.Debug|x86.ActiveCfg = Debug|Any CPU
		{85CEC505-EDC5-4BC4-8B91-F0CAE7463570}.Debug|x86.Build.0 = Debug|Any CPU
		{85CEC505-EDC5-4BC4-8B91-F0CAE7463570}.Release|Any CPU.ActiveCfg = Release|Any CPU
		{85CEC505-EDC5-4BC4-8B91-F0CAE7463570}.Release|Any CPU.Build.0 = Release|Any CPU
		{85CEC505-EDC5-4BC4-8B91-F0CAE7463570}.Release|x64.ActiveCfg = Release|Any CPU
		{85CEC505-EDC5-4BC4-8B91-F0CAE7463570}.Release|x64.Build.0 = Release|Any CPU
		{85CEC505-EDC5-4BC4-8B91-F0CAE7463570}.Release|x86.ActiveCfg = Release|Any CPU
		{85CEC505-EDC5-4BC4-8B91-F0CAE7463570}.Release|x86.Build.0 = Release|Any CPU
		{FB4ED2B9-6D0C-4163-BF53-D4B5DA82D938}.Debug|Any CPU.ActiveCfg = Debug|Any CPU
		{FB4ED2B9-6D0C-4163-BF53-D4B5DA82D938}.Debug|Any CPU.Build.0 = Debug|Any CPU
		{FB4ED2B9-6D0C-4163-BF53-D4B5DA82D938}.Debug|x64.ActiveCfg = Debug|Any CPU
		{FB4ED2B9-6D0C-4163-BF53-D4B5DA82D938}.Debug|x64.Build.0 = Debug|Any CPU
		{FB4ED2B9-6D0C-4163-BF53-D4B5DA82D938}.Debug|x86.ActiveCfg = Debug|Any CPU
		{FB4ED2B9-6D0C-4163-BF53-D4B5DA82D938}.Debug|x86.Build.0 = Debug|Any CPU
		{FB4ED2B9-6D0C-4163-BF53-D4B5DA82D938}.Release|Any CPU.ActiveCfg = Release|Any CPU
		{FB4ED2B9-6D0C-4163-BF53-D4B5DA82D938}.Release|Any CPU.Build.0 = Release|Any CPU
		{FB4ED2B9-6D0C-4163-BF53-D4B5DA82D938}.Release|x64.ActiveCfg = Release|Any CPU
		{FB4ED2B9-6D0C-4163-BF53-D4B5DA82D938}.Release|x64.Build.0 = Release|Any CPU
		{FB4ED2B9-6D0C-4163-BF53-D4B5DA82D938}.Release|x86.ActiveCfg = Release|Any CPU
		{FB4ED2B9-6D0C-4163-BF53-D4B5DA82D938}.Release|x86.Build.0 = Release|Any CPU
		{77E6433C-D406-413F-B80B-BB9DAEA8E0A0}.Debug|Any CPU.ActiveCfg = Debug|Any CPU
		{77E6433C-D406-413F-B80B-BB9DAEA8E0A0}.Debug|Any CPU.Build.0 = Debug|Any CPU
		{77E6433C-D406-413F-B80B-BB9DAEA8E0A0}.Debug|x64.ActiveCfg = Debug|Any CPU
		{77E6433C-D406-413F-B80B-BB9DAEA8E0A0}.Debug|x64.Build.0 = Debug|Any CPU
		{77E6433C-D406-413F-B80B-BB9DAEA8E0A0}.Debug|x86.ActiveCfg = Debug|Any CPU
		{77E6433C-D406-413F-B80B-BB9DAEA8E0A0}.Debug|x86.Build.0 = Debug|Any CPU
		{77E6433C-D406-413F-B80B-BB9DAEA8E0A0}.Release|Any CPU.ActiveCfg = Release|Any CPU
		{77E6433C-D406-413F-B80B-BB9DAEA8E0A0}.Release|Any CPU.Build.0 = Release|Any CPU
		{77E6433C-D406-413F-B80B-BB9DAEA8E0A0}.Release|x64.ActiveCfg = Release|Any CPU
		{77E6433C-D406-413F-B80B-BB9DAEA8E0A0}.Release|x64.Build.0 = Release|Any CPU
		{77E6433C-D406-413F-B80B-BB9DAEA8E0A0}.Release|x86.ActiveCfg = Release|Any CPU
		{77E6433C-D406-413F-B80B-BB9DAEA8E0A0}.Release|x86.Build.0 = Release|Any CPU
		{E54C867F-8DE8-4D9C-9BC0-8419773AC6AA}.Debug|Any CPU.ActiveCfg = Debug|Any CPU
		{E54C867F-8DE8-4D9C-9BC0-8419773AC6AA}.Debug|Any CPU.Build.0 = Debug|Any CPU
		{E54C867F-8DE8-4D9C-9BC0-8419773AC6AA}.Debug|x64.ActiveCfg = Debug|Any CPU
		{E54C867F-8DE8-4D9C-9BC0-8419773AC6AA}.Debug|x64.Build.0 = Debug|Any CPU
		{E54C867F-8DE8-4D9C-9BC0-8419773AC6AA}.Debug|x86.ActiveCfg = Debug|Any CPU
		{E54C867F-8DE8-4D9C-9BC0-8419773AC6AA}.Debug|x86.Build.0 = Debug|Any CPU
		{E54C867F-8DE8-4D9C-9BC0-8419773AC6AA}.Release|Any CPU.ActiveCfg = Release|Any CPU
		{E54C867F-8DE8-4D9C-9BC0-8419773AC6AA}.Release|Any CPU.Build.0 = Release|Any CPU
		{E54C867F-8DE8-4D9C-9BC0-8419773AC6AA}.Release|x64.ActiveCfg = Release|Any CPU
		{E54C867F-8DE8-4D9C-9BC0-8419773AC6AA}.Release|x64.Build.0 = Release|Any CPU
		{E54C867F-8DE8-4D9C-9BC0-8419773AC6AA}.Release|x86.ActiveCfg = Release|Any CPU
		{E54C867F-8DE8-4D9C-9BC0-8419773AC6AA}.Release|x86.Build.0 = Release|Any CPU
		{A32BA5AD-142A-4664-94B2-2EC577BA7D8C}.Debug|Any CPU.ActiveCfg = Debug|Any CPU
		{A32BA5AD-142A-4664-94B2-2EC577BA7D8C}.Debug|Any CPU.Build.0 = Debug|Any CPU
		{A32BA5AD-142A-4664-94B2-2EC577BA7D8C}.Debug|x64.ActiveCfg = Debug|Any CPU
		{A32BA5AD-142A-4664-94B2-2EC577BA7D8C}.Debug|x64.Build.0 = Debug|Any CPU
		{A32BA5AD-142A-4664-94B2-2EC577BA7D8C}.Debug|x86.ActiveCfg = Debug|Any CPU
		{A32BA5AD-142A-4664-94B2-2EC577BA7D8C}.Debug|x86.Build.0 = Debug|Any CPU
		{A32BA5AD-142A-4664-94B2-2EC577BA7D8C}.Release|Any CPU.ActiveCfg = Release|Any CPU
		{A32BA5AD-142A-4664-94B2-2EC577BA7D8C}.Release|Any CPU.Build.0 = Release|Any CPU
		{A32BA5AD-142A-4664-94B2-2EC577BA7D8C}.Release|x64.ActiveCfg = Release|Any CPU
		{A32BA5AD-142A-4664-94B2-2EC577BA7D8C}.Release|x64.Build.0 = Release|Any CPU
		{A32BA5AD-142A-4664-94B2-2EC577BA7D8C}.Release|x86.ActiveCfg = Release|Any CPU
		{A32BA5AD-142A-4664-94B2-2EC577BA7D8C}.Release|x86.Build.0 = Release|Any CPU
		{3A49A4A3-56FF-4898-9B9C-58812804A7CE}.Debug|Any CPU.ActiveCfg = Debug|Any CPU
		{3A49A4A3-56FF-4898-9B9C-58812804A7CE}.Debug|Any CPU.Build.0 = Debug|Any CPU
		{3A49A4A3-56FF-4898-9B9C-58812804A7CE}.Debug|x64.ActiveCfg = Debug|Any CPU
		{3A49A4A3-56FF-4898-9B9C-58812804A7CE}.Debug|x64.Build.0 = Debug|Any CPU
		{3A49A4A3-56FF-4898-9B9C-58812804A7CE}.Debug|x86.ActiveCfg = Debug|Any CPU
		{3A49A4A3-56FF-4898-9B9C-58812804A7CE}.Debug|x86.Build.0 = Debug|Any CPU
		{3A49A4A3-56FF-4898-9B9C-58812804A7CE}.Release|Any CPU.ActiveCfg = Release|Any CPU
		{3A49A4A3-56FF-4898-9B9C-58812804A7CE}.Release|Any CPU.Build.0 = Release|Any CPU
		{3A49A4A3-56FF-4898-9B9C-58812804A7CE}.Release|x64.ActiveCfg = Release|Any CPU
		{3A49A4A3-56FF-4898-9B9C-58812804A7CE}.Release|x64.Build.0 = Release|Any CPU
		{3A49A4A3-56FF-4898-9B9C-58812804A7CE}.Release|x86.ActiveCfg = Release|Any CPU
		{3A49A4A3-56FF-4898-9B9C-58812804A7CE}.Release|x86.Build.0 = Release|Any CPU
		{F8E6DE01-8A09-432E-8B0C-50CDEE8EB2B7}.Debug|Any CPU.ActiveCfg = Debug|Any CPU
		{F8E6DE01-8A09-432E-8B0C-50CDEE8EB2B7}.Debug|Any CPU.Build.0 = Debug|Any CPU
		{F8E6DE01-8A09-432E-8B0C-50CDEE8EB2B7}.Debug|x64.ActiveCfg = Debug|Any CPU
		{F8E6DE01-8A09-432E-8B0C-50CDEE8EB2B7}.Debug|x64.Build.0 = Debug|Any CPU
		{F8E6DE01-8A09-432E-8B0C-50CDEE8EB2B7}.Debug|x86.ActiveCfg = Debug|Any CPU
		{F8E6DE01-8A09-432E-8B0C-50CDEE8EB2B7}.Debug|x86.Build.0 = Debug|Any CPU
		{F8E6DE01-8A09-432E-8B0C-50CDEE8EB2B7}.Release|Any CPU.ActiveCfg = Release|Any CPU
		{F8E6DE01-8A09-432E-8B0C-50CDEE8EB2B7}.Release|Any CPU.Build.0 = Release|Any CPU
		{F8E6DE01-8A09-432E-8B0C-50CDEE8EB2B7}.Release|x64.ActiveCfg = Release|Any CPU
		{F8E6DE01-8A09-432E-8B0C-50CDEE8EB2B7}.Release|x64.Build.0 = Release|Any CPU
		{F8E6DE01-8A09-432E-8B0C-50CDEE8EB2B7}.Release|x86.ActiveCfg = Release|Any CPU
		{F8E6DE01-8A09-432E-8B0C-50CDEE8EB2B7}.Release|x86.Build.0 = Release|Any CPU
		{D42E0BC5-7E61-44F0-874F-64BBCCF84AB4}.Debug|Any CPU.ActiveCfg = Debug|Any CPU
		{D42E0BC5-7E61-44F0-874F-64BBCCF84AB4}.Debug|Any CPU.Build.0 = Debug|Any CPU
		{D42E0BC5-7E61-44F0-874F-64BBCCF84AB4}.Debug|x64.ActiveCfg = Debug|Any CPU
		{D42E0BC5-7E61-44F0-874F-64BBCCF84AB4}.Debug|x64.Build.0 = Debug|Any CPU
		{D42E0BC5-7E61-44F0-874F-64BBCCF84AB4}.Debug|x86.ActiveCfg = Debug|Any CPU
		{D42E0BC5-7E61-44F0-874F-64BBCCF84AB4}.Debug|x86.Build.0 = Debug|Any CPU
		{D42E0BC5-7E61-44F0-874F-64BBCCF84AB4}.Release|Any CPU.ActiveCfg = Release|Any CPU
		{D42E0BC5-7E61-44F0-874F-64BBCCF84AB4}.Release|Any CPU.Build.0 = Release|Any CPU
		{D42E0BC5-7E61-44F0-874F-64BBCCF84AB4}.Release|x64.ActiveCfg = Release|Any CPU
		{D42E0BC5-7E61-44F0-874F-64BBCCF84AB4}.Release|x64.Build.0 = Release|Any CPU
		{D42E0BC5-7E61-44F0-874F-64BBCCF84AB4}.Release|x86.ActiveCfg = Release|Any CPU
		{D42E0BC5-7E61-44F0-874F-64BBCCF84AB4}.Release|x86.Build.0 = Release|Any CPU
		{8DE2CB8A-BC4B-4C24-A5DF-C18591846557}.Debug|Any CPU.ActiveCfg = Debug|Any CPU
		{8DE2CB8A-BC4B-4C24-A5DF-C18591846557}.Debug|Any CPU.Build.0 = Debug|Any CPU
		{8DE2CB8A-BC4B-4C24-A5DF-C18591846557}.Debug|x64.ActiveCfg = Debug|Any CPU
		{8DE2CB8A-BC4B-4C24-A5DF-C18591846557}.Debug|x64.Build.0 = Debug|Any CPU
		{8DE2CB8A-BC4B-4C24-A5DF-C18591846557}.Debug|x86.ActiveCfg = Debug|Any CPU
		{8DE2CB8A-BC4B-4C24-A5DF-C18591846557}.Debug|x86.Build.0 = Debug|Any CPU
		{8DE2CB8A-BC4B-4C24-A5DF-C18591846557}.Release|Any CPU.ActiveCfg = Release|Any CPU
		{8DE2CB8A-BC4B-4C24-A5DF-C18591846557}.Release|Any CPU.Build.0 = Release|Any CPU
		{8DE2CB8A-BC4B-4C24-A5DF-C18591846557}.Release|x64.ActiveCfg = Release|Any CPU
		{8DE2CB8A-BC4B-4C24-A5DF-C18591846557}.Release|x64.Build.0 = Release|Any CPU
		{8DE2CB8A-BC4B-4C24-A5DF-C18591846557}.Release|x86.ActiveCfg = Release|Any CPU
		{8DE2CB8A-BC4B-4C24-A5DF-C18591846557}.Release|x86.Build.0 = Release|Any CPU
		{CED67C8B-87D0-424D-A592-3CD420384D83}.Debug|Any CPU.ActiveCfg = Debug|Any CPU
		{CED67C8B-87D0-424D-A592-3CD420384D83}.Debug|Any CPU.Build.0 = Debug|Any CPU
		{CED67C8B-87D0-424D-A592-3CD420384D83}.Debug|x64.ActiveCfg = Debug|Any CPU
		{CED67C8B-87D0-424D-A592-3CD420384D83}.Debug|x64.Build.0 = Debug|Any CPU
		{CED67C8B-87D0-424D-A592-3CD420384D83}.Debug|x86.ActiveCfg = Debug|Any CPU
		{CED67C8B-87D0-424D-A592-3CD420384D83}.Debug|x86.Build.0 = Debug|Any CPU
		{CED67C8B-87D0-424D-A592-3CD420384D83}.Release|Any CPU.ActiveCfg = Release|Any CPU
		{CED67C8B-87D0-424D-A592-3CD420384D83}.Release|Any CPU.Build.0 = Release|Any CPU
		{CED67C8B-87D0-424D-A592-3CD420384D83}.Release|x64.ActiveCfg = Release|Any CPU
		{CED67C8B-87D0-424D-A592-3CD420384D83}.Release|x64.Build.0 = Release|Any CPU
		{CED67C8B-87D0-424D-A592-3CD420384D83}.Release|x86.ActiveCfg = Release|Any CPU
		{CED67C8B-87D0-424D-A592-3CD420384D83}.Release|x86.Build.0 = Release|Any CPU
		{11745440-EEEF-43E9-914B-2B941AB847A6}.Debug|Any CPU.ActiveCfg = Debug|Any CPU
		{11745440-EEEF-43E9-914B-2B941AB847A6}.Debug|Any CPU.Build.0 = Debug|Any CPU
		{11745440-EEEF-43E9-914B-2B941AB847A6}.Debug|x64.ActiveCfg = Debug|Any CPU
		{11745440-EEEF-43E9-914B-2B941AB847A6}.Debug|x64.Build.0 = Debug|Any CPU
		{11745440-EEEF-43E9-914B-2B941AB847A6}.Debug|x86.ActiveCfg = Debug|Any CPU
		{11745440-EEEF-43E9-914B-2B941AB847A6}.Debug|x86.Build.0 = Debug|Any CPU
		{11745440-EEEF-43E9-914B-2B941AB847A6}.Release|Any CPU.ActiveCfg = Release|Any CPU
		{11745440-EEEF-43E9-914B-2B941AB847A6}.Release|Any CPU.Build.0 = Release|Any CPU
		{11745440-EEEF-43E9-914B-2B941AB847A6}.Release|x64.ActiveCfg = Release|Any CPU
		{11745440-EEEF-43E9-914B-2B941AB847A6}.Release|x64.Build.0 = Release|Any CPU
		{11745440-EEEF-43E9-914B-2B941AB847A6}.Release|x86.ActiveCfg = Release|Any CPU
		{11745440-EEEF-43E9-914B-2B941AB847A6}.Release|x86.Build.0 = Release|Any CPU
	EndGlobalSection
	GlobalSection(SolutionProperties) = preSolution
		HideSolutionNode = FALSE
	EndGlobalSection
	GlobalSection(NestedProjects) = preSolution
		{47015C58-2E2B-412B-8C07-625598FAB364} = {827E0CD3-B72D-47B6-A68D-7590B98EB39B}
		{614043E7-3CFA-4884-9709-344296AB82CE} = {827E0CD3-B72D-47B6-A68D-7590B98EB39B}
		{EAB60CE0-119E-465D-948E-CC7BCF2D2854} = {827E0CD3-B72D-47B6-A68D-7590B98EB39B}
		{6AF48A78-CC3B-44C4-8120-EF3AC7419C7B} = {827E0CD3-B72D-47B6-A68D-7590B98EB39B}
		{85CEC505-EDC5-4BC4-8B91-F0CAE7463570} = {827E0CD3-B72D-47B6-A68D-7590B98EB39B}
		{FB4ED2B9-6D0C-4163-BF53-D4B5DA82D938} = {827E0CD3-B72D-47B6-A68D-7590B98EB39B}
		{77E6433C-D406-413F-B80B-BB9DAEA8E0A0} = {827E0CD3-B72D-47B6-A68D-7590B98EB39B}
		{E54C867F-8DE8-4D9C-9BC0-8419773AC6AA} = {827E0CD3-B72D-47B6-A68D-7590B98EB39B}
		{A32BA5AD-142A-4664-94B2-2EC577BA7D8C} = {827E0CD3-B72D-47B6-A68D-7590B98EB39B}
		{3A49A4A3-56FF-4898-9B9C-58812804A7CE} = {827E0CD3-B72D-47B6-A68D-7590B98EB39B}
		{F8E6DE01-8A09-432E-8B0C-50CDEE8EB2B7} = {0AB3BF05-4346-4AA6-1389-037BE0695223}
		{D42E0BC5-7E61-44F0-874F-64BBCCF84AB4} = {0AB3BF05-4346-4AA6-1389-037BE0695223}
		{8DE2CB8A-BC4B-4C24-A5DF-C18591846557} = {0AB3BF05-4346-4AA6-1389-037BE0695223}
		{CED67C8B-87D0-424D-A592-3CD420384D83} = {0AB3BF05-4346-4AA6-1389-037BE0695223}
		{11745440-EEEF-43E9-914B-2B941AB847A6} = {0AB3BF05-4346-4AA6-1389-037BE0695223}
	EndGlobalSection
EndGlobal
